
Microsoft Visual Studio Solution File, Format Version 12.00
# Visual Studio 15
VisualStudioVersion = 15.0.26430.6
MinimumVisualStudioVersion = 10.0.40219.1
Project("{FAE04EC0-301F-11D3-BF4B-00C04F79EFBC}") = "fraction", "fraction\fraction.csproj", "{5B55286D-3117-4F32-8266-496F485D5A86}"
EndProject
Project("{FAE04EC0-301F-11D3-BF4B-00C04F79EFBC}") = "UnitTestProject1", "UnitTestProject1\UnitTestProject1.csproj", "{8D89EFE1-DCF7-43DB-884C-358AA4D8BF0F}"
EndProject
Global
	GlobalSection(SolutionConfigurationPlatforms) = preSolution
		Debug|Any CPU = Debug|Any CPU
		Release|Any CPU = Release|Any CPU
	EndGlobalSection
	GlobalSection(ProjectConfigurationPlatforms) = postSolution
		{5B55286D-3117-4F32-8266-496F485D5A86}.Debug|Any CPU.ActiveCfg = Debug|Any CPU
		{5B55286D-3117-4F32-8266-496F485D5A86}.Debug|Any CPU.Build.0 = Debug|Any CPU
		{5B55286D-3117-4F32-8266-496F485D5A86}.Release|Any CPU.ActiveCfg = Release|Any CPU
		{5B55286D-3117-4F32-8266-496F485D5A86}.Release|Any CPU.Build.0 = Release|Any CPU
		{8D89EFE1-DCF7-43DB-884C-358AA4D8BF0F}.Debug|Any CPU.ActiveCfg = Debug|Any CPU
		{8D89EFE1-DCF7-43DB-884C-358AA4D8BF0F}.Debug|Any CPU.Build.0 = Debug|Any CPU
		{8D89EFE1-DCF7-43DB-884C-358AA4D8BF0F}.Release|Any CPU.ActiveCfg = Release|Any CPU
		{8D89EFE1-DCF7-43DB-884C-358AA4D8BF0F}.Release|Any CPU.Build.0 = Release|Any CPU
	EndGlobalSection
	GlobalSection(SolutionProperties) = preSolution
		HideSolutionNode = FALSE
	EndGlobalSection
EndGlobal
